
Microsoft Visual Studio Solution File, Format Version 12.00
# Visual Studio Version 16
VisualStudioVersion = 16.0.31005.135
MinimumVisualStudioVersion = 10.0.40219.1
Project("{FAE04EC0-301F-11D3-BF4B-00C04F79EFBC}") = "BooksApi", "BooksApi\BooksApi.csproj", "{A6316E51-A080-4C83-AE48-74D9C40856CC}"
EndProject
Global
	GlobalSection(SolutionConfigurationPlatforms) = preSolution
		Debug|Any CPU = Debug|Any CPU
		Release|Any CPU = Release|Any CPU
	EndGlobalSection
	GlobalSection(ProjectConfigurationPlatforms) = postSolution
		{A6316E51-A080-4C83-AE48-74D9C40856CC}.Debug|Any CPU.ActiveCfg = Debug|Any CPU
		{A6316E51-A080-4C83-AE48-74D9C40856CC}.Debug|Any CPU.Build.0 = Debug|Any CPU
		{A6316E51-A080-4C83-AE48-74D9C40856CC}.Release|Any CPU.ActiveCfg = Release|Any CPU
		{A6316E51-A080-4C83-AE48-74D9C40856CC}.Release|Any CPU.Build.0 = Release|Any CPU
	EndGlobalSection
	GlobalSection(SolutionProperties) = preSolution
		HideSolutionNode = FALSE
	EndGlobalSection
	GlobalSection(ExtensibilityGlobals) = postSolution
		SolutionGuid = {1A0DF3FA-1AF3-4F31-A88C-7D9850768C30}
	EndGlobalSection
EndGlobal
