
Microsoft Visual Studio Solution File, Format Version 12.00
# Visual Studio Version 16
VisualStudioVersion = 16.0.31005.135
MinimumVisualStudioVersion = 10.0.40219.1
Project("{9A19103F-16F7-4668-BE54-9A1E7A4F7556}") = "Y.Api", "Books.Api\Y.Api.csproj", "{433515A5-9882-4C4E-A6FD-6E133635A924}"
EndProject
Project("{9A19103F-16F7-4668-BE54-9A1E7A4F7556}") = "Y.Service", "Y.Repository\Y.Service.csproj", "{E05317A6-7C6E-4A3F-BE68-D3CDCFC1FCB9}"
EndProject
Project("{9A19103F-16F7-4668-BE54-9A1E7A4F7556}") = "Y.UI", "Y.UI\Y.UI.csproj", "{98CAB87F-0DEC-4A3C-8D75-173F47FEAC63}"
EndProject
Project("{FAE04EC0-301F-11D3-BF4B-00C04F79EFBC}") = "Y.DataModels", "Y.DataModels\Y.DataModels.csproj", "{CEDF62F8-9E4D-4C3B-B2E6-DEE5ABF1435D}"
EndProject
Global
	GlobalSection(SolutionConfigurationPlatforms) = preSolution
		Debug|Any CPU = Debug|Any CPU
		Release|Any CPU = Release|Any CPU
	EndGlobalSection
	GlobalSection(ProjectConfigurationPlatforms) = postSolution
		{433515A5-9882-4C4E-A6FD-6E133635A924}.Debug|Any CPU.ActiveCfg = Debug|Any CPU
		{433515A5-9882-4C4E-A6FD-6E133635A924}.Debug|Any CPU.Build.0 = Debug|Any CPU
		{433515A5-9882-4C4E-A6FD-6E133635A924}.Release|Any CPU.ActiveCfg = Release|Any CPU
		{433515A5-9882-4C4E-A6FD-6E133635A924}.Release|Any CPU.Build.0 = Release|Any CPU
		{E05317A6-7C6E-4A3F-BE68-D3CDCFC1FCB9}.Debug|Any CPU.ActiveCfg = Debug|Any CPU
		{E05317A6-7C6E-4A3F-BE68-D3CDCFC1FCB9}.Debug|Any CPU.Build.0 = Debug|Any CPU
		{E05317A6-7C6E-4A3F-BE68-D3CDCFC1FCB9}.Release|Any CPU.ActiveCfg = Release|Any CPU
		{E05317A6-7C6E-4A3F-BE68-D3CDCFC1FCB9}.Release|Any CPU.Build.0 = Release|Any CPU
		{98CAB87F-0DEC-4A3C-8D75-173F47FEAC63}.Debug|Any CPU.ActiveCfg = Debug|Any CPU
		{98CAB87F-0DEC-4A3C-8D75-173F47FEAC63}.Debug|Any CPU.Build.0 = Debug|Any CPU
		{98CAB87F-0DEC-4A3C-8D75-173F47FEAC63}.Release|Any CPU.ActiveCfg = Release|Any CPU
		{98CAB87F-0DEC-4A3C-8D75-173F47FEAC63}.Release|Any CPU.Build.0 = Release|Any CPU
		{CEDF62F8-9E4D-4C3B-B2E6-DEE5ABF1435D}.Debug|Any CPU.ActiveCfg = Debug|Any CPU
		{CEDF62F8-9E4D-4C3B-B2E6-DEE5ABF1435D}.Debug|Any CPU.Build.0 = Debug|Any CPU
		{CEDF62F8-9E4D-4C3B-B2E6-DEE5ABF1435D}.Release|Any CPU.ActiveCfg = Release|Any CPU
		{CEDF62F8-9E4D-4C3B-B2E6-DEE5ABF1435D}.Release|Any CPU.Build.0 = Release|Any CPU
	EndGlobalSection
	GlobalSection(SolutionProperties) = preSolution
		HideSolutionNode = FALSE
	EndGlobalSection
	GlobalSection(ExtensibilityGlobals) = postSolution
		SolutionGuid = {1A0DF3FA-1AF3-4F31-A88C-7D9850768C30}
	EndGlobalSection
EndGlobal
